
Microsoft Visual Studio Solution File, Format Version 12.00
# Visual Studio 14
VisualStudioVersion = 14.0.25420.1
MinimumVisualStudioVersion = 10.0.40219.1
Project("{FAE04EC0-301F-11D3-BF4B-00C04F79EFBC}") = "FinanceManager.PresentationLayer", "FinanceManager.PresentationLayer\FinanceManager.PresentationLayer.csproj", "{5612E784-C190-44AA-A2B4-3C227BD47577}"
EndProject
Project("{FAE04EC0-301F-11D3-BF4B-00C04F79EFBC}") = "FinanceManager.DataLayer", "FinanceManager.DataLayer\FinanceManager.DataLayer.csproj", "{D2E601EF-16A5-4638-834F-79AE0F77BE81}"
EndProject
Project("{FAE04EC0-301F-11D3-BF4B-00C04F79EFBC}") = "FinanceManager.BusinessLayer", "FinanceManager.BusinessLayer\FinanceManager.BusinessLayer.csproj", "{E41BD6D2-6052-466B-A8C9-85D1FBCD6991}"
EndProject
Project("{FAE04EC0-301F-11D3-BF4B-00C04F79EFBC}") = "FinanceManager.Tests", "FinanceManager.Tests\FinanceManager.Tests.csproj", "{B6AEDDE2-7491-4A17-B184-F2F59CDF28E8}"
EndProject
Global
	GlobalSection(SolutionConfigurationPlatforms) = preSolution
		Debug|Any CPU = Debug|Any CPU
		Release|Any CPU = Release|Any CPU
	EndGlobalSection
	GlobalSection(ProjectConfigurationPlatforms) = postSolution
		{5612E784-C190-44AA-A2B4-3C227BD47577}.Debug|Any CPU.ActiveCfg = Debug|Any CPU
		{5612E784-C190-44AA-A2B4-3C227BD47577}.Debug|Any CPU.Build.0 = Debug|Any CPU
		{5612E784-C190-44AA-A2B4-3C227BD47577}.Release|Any CPU.ActiveCfg = Release|Any CPU
		{5612E784-C190-44AA-A2B4-3C227BD47577}.Release|Any CPU.Build.0 = Release|Any CPU
		{D2E601EF-16A5-4638-834F-79AE0F77BE81}.Debug|Any CPU.ActiveCfg = Debug|Any CPU
		{D2E601EF-16A5-4638-834F-79AE0F77BE81}.Debug|Any CPU.Build.0 = Debug|Any CPU
		{D2E601EF-16A5-4638-834F-79AE0F77BE81}.Release|Any CPU.ActiveCfg = Release|Any CPU
		{D2E601EF-16A5-4638-834F-79AE0F77BE81}.Release|Any CPU.Build.0 = Release|Any CPU
		{E41BD6D2-6052-466B-A8C9-85D1FBCD6991}.Debug|Any CPU.ActiveCfg = Debug|Any CPU
		{E41BD6D2-6052-466B-A8C9-85D1FBCD6991}.Debug|Any CPU.Build.0 = Debug|Any CPU
		{E41BD6D2-6052-466B-A8C9-85D1FBCD6991}.Release|Any CPU.ActiveCfg = Release|Any CPU
		{E41BD6D2-6052-466B-A8C9-85D1FBCD6991}.Release|Any CPU.Build.0 = Release|Any CPU
		{B6AEDDE2-7491-4A17-B184-F2F59CDF28E8}.Debug|Any CPU.ActiveCfg = Debug|Any CPU
		{B6AEDDE2-7491-4A17-B184-F2F59CDF28E8}.Debug|Any CPU.Build.0 = Debug|Any CPU
		{B6AEDDE2-7491-4A17-B184-F2F59CDF28E8}.Release|Any CPU.ActiveCfg = Release|Any CPU
		{B6AEDDE2-7491-4A17-B184-F2F59CDF28E8}.Release|Any CPU.Build.0 = Release|Any CPU
	EndGlobalSection
	GlobalSection(SolutionProperties) = preSolution
		HideSolutionNode = FALSE
	EndGlobalSection
EndGlobal
